
Microsoft Visual Studio Solution File, Format Version 12.00
# Visual Studio Version 17
VisualStudioVersion = 17.7.34024.191
MinimumVisualStudioVersion = 10.0.40219.1
Project("{FAE04EC0-301F-11D3-BF4B-00C04F79EFBC}") = "HT", "HT\HT.csproj", "{08391643-7D70-4003-8791-8D40A39C9CE6}"
EndProject
Project("{FAE04EC0-301F-11D3-BF4B-00C04F79EFBC}") = "Tymakov", "Tymakov\Tymakov.csproj", "{BC33A066-A2C1-461B-88E1-0F1F2FF6162C}"
EndProject
Project("{FAE04EC0-301F-11D3-BF4B-00C04F79EFBC}") = "BankTools", "BankTools\BankTools.csproj", "{1542E079-5568-4D30-B417-02564A1ADD53}"
EndProject
Global
	GlobalSection(SolutionConfigurationPlatforms) = preSolution
		Debug|Any CPU = Debug|Any CPU
		Release|Any CPU = Release|Any CPU
	EndGlobalSection
	GlobalSection(ProjectConfigurationPlatforms) = postSolution
		{08391643-7D70-4003-8791-8D40A39C9CE6}.Debug|Any CPU.ActiveCfg = Debug|Any CPU
		{08391643-7D70-4003-8791-8D40A39C9CE6}.Debug|Any CPU.Build.0 = Debug|Any CPU
		{08391643-7D70-4003-8791-8D40A39C9CE6}.Release|Any CPU.ActiveCfg = Release|Any CPU
		{08391643-7D70-4003-8791-8D40A39C9CE6}.Release|Any CPU.Build.0 = Release|Any CPU
		{BC33A066-A2C1-461B-88E1-0F1F2FF6162C}.Debug|Any CPU.ActiveCfg = Debug|Any CPU
		{BC33A066-A2C1-461B-88E1-0F1F2FF6162C}.Debug|Any CPU.Build.0 = Debug|Any CPU
		{BC33A066-A2C1-461B-88E1-0F1F2FF6162C}.Release|Any CPU.ActiveCfg = Release|Any CPU
		{BC33A066-A2C1-461B-88E1-0F1F2FF6162C}.Release|Any CPU.Build.0 = Release|Any CPU
		{1542E079-5568-4D30-B417-02564A1ADD53}.Debug|Any CPU.ActiveCfg = Debug|Any CPU
		{1542E079-5568-4D30-B417-02564A1ADD53}.Debug|Any CPU.Build.0 = Debug|Any CPU
		{1542E079-5568-4D30-B417-02564A1ADD53}.Release|Any CPU.ActiveCfg = Release|Any CPU
		{1542E079-5568-4D30-B417-02564A1ADD53}.Release|Any CPU.Build.0 = Release|Any CPU
	EndGlobalSection
	GlobalSection(SolutionProperties) = preSolution
		HideSolutionNode = FALSE
	EndGlobalSection
	GlobalSection(ExtensibilityGlobals) = postSolution
		SolutionGuid = {11D4FFB4-2DA5-4E57-8DDD-6A4CDE8FAA18}
	EndGlobalSection
EndGlobal
